
Microsoft Visual Studio Solution File, Format Version 12.00
# Visual Studio 15
VisualStudioVersion = 15.0.28010.2046
MinimumVisualStudioVersion = 10.0.40219.1
Project("{9A19103F-16F7-4668-BE54-9A1E7A4F7556}") = "newVilcapCopyFileToGoogleDrive", "newVilcapCopyFileToGoogleDrive.csproj", "{EEACC09F-A71B-4AB8-87D5-E5935C763F90}"
EndProject
Global
	GlobalSection(SolutionConfigurationPlatforms) = preSolution
		Debug|Any CPU = Debug|Any CPU
		Release|Any CPU = Release|Any CPU
	EndGlobalSection
	GlobalSection(ProjectConfigurationPlatforms) = postSolution
		{EEACC09F-A71B-4AB8-87D5-E5935C763F90}.Debug|Any CPU.ActiveCfg = Debug|Any CPU
		{EEACC09F-A71B-4AB8-87D5-E5935C763F90}.Debug|Any CPU.Build.0 = Debug|Any CPU
		{EEACC09F-A71B-4AB8-87D5-E5935C763F90}.Release|Any CPU.ActiveCfg = Release|Any CPU
		{EEACC09F-A71B-4AB8-87D5-E5935C763F90}.Release|Any CPU.Build.0 = Release|Any CPU
	EndGlobalSection
	GlobalSection(SolutionProperties) = preSolution
		HideSolutionNode = FALSE
	EndGlobalSection
	GlobalSection(ExtensibilityGlobals) = postSolution
		SolutionGuid = {0B2A0EBC-2637-4882-8EB1-B78E33CAD283}
	EndGlobalSection
EndGlobal
